{
  "nodes": {
    "nixpkgs": {
      "locked": {
        "lastModified": 1789006805,
        "narHash": "sha256-q+GdZ3yq4Y2LXHRK0vKTM32Hwy7RCgUgy+hjwZLI5pY=",
        "rev": "8ce4ef6cb6f871616146b9fe26d2a5ae594e94fe",
        "type": "tarball",
        "url": "https://releases.nixos.org/nixos/unstable/nixos-26.11pre1070770.8ce4ef6cb6f8/nixexprs.tar.xz"
      },
      "original": {
        "type": "tarball",
        "url": "https://channels.nixos.org/nixos-unstable/nixexprs.tar.xz"
      }
    },
    "root": {
      "inputs": {
        "nixpkgs": "nixpkgs",
        "zig": "zig",
        "zon2nix": "zon2nix_2"
      }
    },
    "zig": {
      "inputs": {
        "nixpkgs": [
          "nixpkgs"
        ],
        "zon2nix": "zon2nix"
      },
      "locked": {
        "lastModified": 1790983248,
        "narHash": "sha256-fjtjxWEofW5cbzXm3SqvjC2QZIbtp3lij2k8e1Jmj0w=",
        "ref": "refs/heads/main",
        "rev": "1a73bc5e8ae4d0223fefbd00afc58fe0b7f7e718",
        "revCount": 1734,
        "type": "git",
        "url": "https://git.jcollie.dev/jeff/zig-overlay.git"
      },
      "original": {
        "type": "git",
        "url": "https://git.jcollie.dev/jeff/zig-overlay.git"
      }
    },
    "zig_2": {
      "inputs": {
        "nixpkgs": [
          "zon2nix",
          "nixpkgs"
        ],
        "zon2nix": "zon2nix_3"
      },
      "locked": {
        "lastModified": 1790983248,
        "narHash": "sha256-fjtjxWEofW5cbzXm3SqvjC2QZIbtp3lij2k8e1Jmj0w=",
        "ref": "refs/heads/main",
        "rev": "1a73bc5e8ae4d0223fefbd00afc58fe0b7f7e718",
        "revCount": 1734,
        "type": "git",
        "url": "https://git.jcollie.dev/jeff/zig-overlay.git"
      },
      "original": {
        "type": "git",
        "url": "https://git.jcollie.dev/jeff/zig-overlay.git"
      }
    },
    "zon2nix": {
      "inputs": {
        "nixpkgs": [
          "zig",
          "nixpkgs"
        ]
      },
      "locked": {
        "lastModified": 1790583033,
        "narHash": "sha256-Eo3hR521Yc2Gsqw7m/aqd5sn3/qi0XoSpJBIPPIYKkg=",
        "owner": "jcollie",
        "repo": "zon2nix",
        "rev": "8e91c0d44aa49d0ac415f7e3046662e9aa754335",
        "type": "github"
      },
      "original": {
        "owner": "jcollie",
        "ref": "v0.9.0",
        "repo": "zon2nix",
        "type": "github"
      }
    },
    "zon2nix_2": {
      "inputs": {
        "nixpkgs": [
          "nixpkgs"
        ],
        "zig": "zig_2"
      },
      "locked": {
        "lastModified": 1790983378,
        "narHash": "sha256-RB1SiCcumk7Y9NkBKJDq/Hg0NLyCmX/TX02EXp7QRco=",
        "owner": "jcollie",
        "repo": "zon2nix",
        "rev": "d1c869946e98c380ff474c6bd30e2fe2f5110473",
        "type": "github"
      },
      "original": {
        "owner": "jcollie",
        "repo": "zon2nix",
        "type": "github"
      }
    },
    "zon2nix_3": {
      "inputs": {
        "nixpkgs": [
          "zon2nix",
          "zig",
          "nixpkgs"
        ]
      },
      "locked": {
        "lastModified": 1790583033,
        "narHash": "sha256-Eo3hR521Yc2Gsqw7m/aqd5sn3/qi0XoSpJBIPPIYKkg=",
        "owner": "jcollie",
        "repo": "zon2nix",
        "rev": "8e91c0d44aa49d0ac415f7e3046662e9aa754335",
        "type": "github"
      },
      "original": {
        "owner": "jcollie",
        "ref": "v0.9.0",
        "repo": "zon2nix",
        "type": "github"
      }
    }
  },
  "root": "root",
  "version": 7
}
